{
  "originHash" : "f48e2f2cef3eaa547c3276d27f57ce29cbdc63a488034536a36479e3087a3cc1",
  "pins" : [
    {
      "identity" : "neon",
      "kind" : "remoteSourceControl",
      "location" : "https://github.com/ChimeHQ/Neon.git",
      "state" : {
        "branch" : "main",
        "revision" : "e3b042119a64ad030b6a449dceb3dd521bdf3721"
      }
    },
    {
      "identity" : "nsui",
      "kind" : "remoteSourceControl",
      "location" : "https://github.com/mattmassicotte/nsui",
      "state" : {
        "revision" : "8792b2f789bf03be1be9ecb4df43d2bfe0e5d361",
        "version" : "1.3.0"
      }
    },
    {
      "identity" : "rearrange",
      "kind" : "remoteSourceControl",
      "location" : "https://github.com/ChimeHQ/Rearrange.git",
      "state" : {
        "revision" : "5ff7f3363f7a08f77e0d761e38e6add31c2136e1",
        "version" : "1.8.1"
      }
    },
    {
      "identity" : "swifttreesitter",
      "kind" : "remoteSourceControl",
      "location" : "https://github.com/ChimeHQ/SwiftTreeSitter",
      "state" : {
        "revision" : "b01904a3737649c1d8520106bbb285724fe5b0bb"
      }
    },
    {
      "identity" : "textcore",
      "kind" : "remoteSourceControl",
      "location" : "https://github.com/dvclmn/TextCore.git",
      "state" : {
        "branch" : "main",
        "revision" : "1e61456a5db92d479ad7675ce24946df8d2e9ff8"
      }
    },
    {
      "identity" : "tree-sitter-markdown",
      "kind" : "remoteSourceControl",
      "location" : "https://github.com/tree-sitter-grammars/tree-sitter-markdown.git",
      "state" : {
        "branch" : "split_parser",
        "revision" : "7fe453beacecf02c86f7736439f238f5bb8b5c9b"
      }
    }
  ],
  "version" : 3
}
