{
  "pins" : [
    {
      "identity" : "neon",
      "kind" : "remoteSourceControl",
      "location" : "https://github.com/ChimeHQ/Neon.git",
      "state" : {
        "revision" : "7df7d080a271cfa4dc87f94cccc024665a75047e",
        "version" : "0.6.0"
      }
    },
    {
      "identity" : "rearrange",
      "kind" : "remoteSourceControl",
      "location" : "https://github.com/ChimeHQ/Rearrange.git",
      "state" : {
        "revision" : "5ff7f3363f7a08f77e0d761e38e6add31c2136e1",
        "version" : "1.8.1"
      }
    },
    {
      "identity" : "sttextkitplus",
      "kind" : "remoteSourceControl",
      "location" : "https://github.com/krzyzanowskim/STTextKitPlus.git",
      "state" : {
        "revision" : "60e1e790c4a77ffd10176849719eb3c52bbfb2c3",
        "version" : "0.1.5"
      }
    },
    {
      "identity" : "swifttreesitter",
      "kind" : "remoteSourceControl",
      "location" : "https://github.com/ChimeHQ/SwiftTreeSitter",
      "state" : {
        "revision" : "2599e95310b3159641469d8a21baf2d3d200e61f",
        "version" : "0.8.0"
      }
    },
    {
      "identity" : "tree-sitter-markdown",
      "kind" : "remoteSourceControl",
      "location" : "https://github.com/tree-sitter-grammars/tree-sitter-markdown.git",
      "state" : {
        "branch" : "split_parser",
        "revision" : "7fe453beacecf02c86f7736439f238f5bb8b5c9b"
      }
    }
  ],
  "version" : 2
}
