{
  "pins" : [
    {
      "identity" : "neon",
      "kind" : "remoteSourceControl",
      "location" : "https://github.com/ChimeHQ/Neon.git",
      "state" : {
        "branch" : "main",
        "revision" : "709683a2e2f3a2e502e8383f9aa5c725bf7d85e6"
      }
    },
    {
      "identity" : "nsui",
      "kind" : "remoteSourceControl",
      "location" : "https://github.com/mattmassicotte/nsui.git",
      "state" : {
        "branch" : "main",
        "revision" : "8792b2f789bf03be1be9ecb4df43d2bfe0e5d361"
      }
    },
    {
      "identity" : "rearrange",
      "kind" : "remoteSourceControl",
      "location" : "https://github.com/ChimeHQ/Rearrange.git",
      "state" : {
        "revision" : "5ff7f3363f7a08f77e0d761e38e6add31c2136e1",
        "version" : "1.8.1"
      }
    },
    {
      "identity" : "sttextkitplus",
      "kind" : "remoteSourceControl",
      "location" : "https://github.com/krzyzanowskim/STTextKitPlus.git",
      "state" : {
        "revision" : "60e1e790c4a77ffd10176849719eb3c52bbfb2c3",
        "version" : "0.1.5"
      }
    },
    {
      "identity" : "swifttreesitter",
      "kind" : "remoteSourceControl",
      "location" : "https://github.com/ChimeHQ/SwiftTreeSitter",
      "state" : {
        "revision" : "b01904a3737649c1d8520106bbb285724fe5b0bb"
      }
    },
    {
      "identity" : "tree-sitter-markdown",
      "kind" : "remoteSourceControl",
      "location" : "https://github.com/tree-sitter-grammars/tree-sitter-markdown.git",
      "state" : {
        "branch" : "split_parser",
        "revision" : "7fe453beacecf02c86f7736439f238f5bb8b5c9b"
      }
    }
  ],
  "version" : 2
}
