{
  "originHash" : "113901ea7df54f577b490254968e8dc014251140b82962ec02df72c7fbd8fa8c",
  "pins" : [
    {
      "identity" : "basehelpers",
      "kind" : "remoteSourceControl",
      "location" : "https://github.com/dvclmn/BaseHelpers.git",
      "state" : {
        "branch" : "main",
        "revision" : "edd9c23b306183d7a405ab08b8d84b7521fa4372"
      }
    },
    {
      "identity" : "components",
      "kind" : "remoteSourceControl",
      "location" : "https://github.com/dvclmn/Components.git",
      "state" : {
        "branch" : "main",
        "revision" : "65175509ed490cbf3c7afd251e3d6cfb7fc494fe"
      }
    },
    {
      "identity" : "neon",
      "kind" : "remoteSourceControl",
      "location" : "https://github.com/ChimeHQ/Neon",
      "state" : {
        "branch" : "main",
        "revision" : "6db8225e9812695db48f1adb8d54648f07319998"
      }
    },
    {
      "identity" : "rearrange",
      "kind" : "remoteSourceControl",
      "location" : "https://github.com/ChimeHQ/Rearrange",
      "state" : {
        "revision" : "f1d74e1642956f0300756ad8d1d64e9034857bc3",
        "version" : "2.0.0"
      }
    },
    {
      "identity" : "styleconfig",
      "kind" : "remoteSourceControl",
      "location" : "https://github.com/dvclmn/StyleConfig.git",
      "state" : {
        "branch" : "main",
        "revision" : "b4dfb59acad42f7581abdc456b33f0ec613d6605"
      }
    },
    {
      "identity" : "swift-memberwise-init-macro",
      "kind" : "remoteSourceControl",
      "location" : "https://github.com/gohanlon/swift-memberwise-init-macro.git",
      "state" : {
        "revision" : "21ca6d8c8f9e4ce27e92f82da294e0d91953b8b6",
        "version" : "0.5.1"
      }
    },
    {
      "identity" : "swift-syntax",
      "kind" : "remoteSourceControl",
      "location" : "https://github.com/swiftlang/swift-syntax",
      "state" : {
        "revision" : "0687f71944021d616d34d922343dcef086855920",
        "version" : "600.0.1"
      }
    },
    {
      "identity" : "swifttreesitter",
      "kind" : "remoteSourceControl",
      "location" : "https://github.com/ChimeHQ/SwiftTreeSitter",
      "state" : {
        "branch" : "main",
        "revision" : "f0ac935f7da8ccb659f511ddd6453c9483f4e7bc"
      }
    },
    {
      "identity" : "tree-sitter",
      "kind" : "remoteSourceControl",
      "location" : "https://github.com/tree-sitter/tree-sitter",
      "state" : {
        "revision" : "d97db6d63507eb62c536bcb2c4ac7d70c8ec665e",
        "version" : "0.23.2"
      }
    },
    {
      "identity" : "tree-sitter-markdown",
      "kind" : "remoteSourceControl",
      "location" : "https://github.com/tree-sitter-grammars/tree-sitter-markdown.git",
      "state" : {
        "branch" : "split_parser",
        "revision" : "5cdc549ab8f461aff876c5be9741027189299cec"
      }
    },
    {
      "identity" : "tree-sitter-swift",
      "kind" : "remoteSourceControl",
      "location" : "https://github.com/alex-pinkus/tree-sitter-swift",
      "state" : {
        "branch" : "with-generated-files",
        "revision" : "33e56e4e2a6455f3fd4e04cfe5c7a314d498612d"
      }
    }
  ],
  "version" : 3
}
